
Microsoft Visual Studio Solution File, Format Version 12.00
Project("{FAE04EC0-301F-11D3-BF4B-00C04F79EFBC}") = "CSharpWeekFirst", "CSharpWeekFirst.csproj", "{D4913739-C768-4AEF-9D31-DF37D19491EB}"
EndProject
Project("{FAE04EC0-301F-11D3-BF4B-00C04F79EFBC}") = "Tests", "Tests\Tests.csproj", "{B1BB506B-C12B-4C3F-9B07-A5E5C8BD3EC4}"
EndProject
Global
	GlobalSection(SolutionConfigurationPlatforms) = preSolution
		Debug|Any CPU = Debug|Any CPU
		Release|Any CPU = Release|Any CPU
	EndGlobalSection
	GlobalSection(ProjectConfigurationPlatforms) = postSolution
		{D4913739-C768-4AEF-9D31-DF37D19491EB}.Debug|Any CPU.ActiveCfg = Debug|Any CPU
		{D4913739-C768-4AEF-9D31-DF37D19491EB}.Debug|Any CPU.Build.0 = Debug|Any CPU
		{D4913739-C768-4AEF-9D31-DF37D19491EB}.Release|Any CPU.ActiveCfg = Release|Any CPU
		{D4913739-C768-4AEF-9D31-DF37D19491EB}.Release|Any CPU.Build.0 = Release|Any CPU
		{B1BB506B-C12B-4C3F-9B07-A5E5C8BD3EC4}.Debug|Any CPU.ActiveCfg = Debug|Any CPU
		{B1BB506B-C12B-4C3F-9B07-A5E5C8BD3EC4}.Debug|Any CPU.Build.0 = Debug|Any CPU
		{B1BB506B-C12B-4C3F-9B07-A5E5C8BD3EC4}.Release|Any CPU.ActiveCfg = Release|Any CPU
		{B1BB506B-C12B-4C3F-9B07-A5E5C8BD3EC4}.Release|Any CPU.Build.0 = Release|Any CPU
	EndGlobalSection
EndGlobal
